
Microsoft Visual Studio Solution File, Format Version 12.00
# Visual Studio 14
VisualStudioVersion = 14.0.25420.1
MinimumVisualStudioVersion = 10.0.40219.1
Project("{FAE04EC0-301F-11D3-BF4B-00C04F79EFBC}") = "WinkelServiceLibrary", "WinkelServiceLibrary\WinkelServiceLibrary.csproj", "{20C376FD-AC24-4696-B299-FB8D471EAC3D}"
EndProject
Project("{FAE04EC0-301F-11D3-BF4B-00C04F79EFBC}") = "WinkelClient", "WindowsFormsApplication1\WinkelClient.csproj", "{0EA7CD68-FCFD-4797-B67D-6D8FA80ECE9A}"
	ProjectSection(ProjectDependencies) = postProject
		{20C376FD-AC24-4696-B299-FB8D471EAC3D} = {20C376FD-AC24-4696-B299-FB8D471EAC3D}
	EndProjectSection
EndProject
Project("{FAE04EC0-301F-11D3-BF4B-00C04F79EFBC}") = "ExtraPuntenWPFclient", "ExtraPuntenWPFclient\ExtraPuntenWPFclient.csproj", "{1307C52B-3747-438C-B35E-30F74DB17B30}"
	ProjectSection(ProjectDependencies) = postProject
		{20C376FD-AC24-4696-B299-FB8D471EAC3D} = {20C376FD-AC24-4696-B299-FB8D471EAC3D}
	EndProjectSection
EndProject
Global
	GlobalSection(SolutionConfigurationPlatforms) = preSolution
		Debug|Any CPU = Debug|Any CPU
		Release|Any CPU = Release|Any CPU
	EndGlobalSection
	GlobalSection(ProjectConfigurationPlatforms) = postSolution
		{20C376FD-AC24-4696-B299-FB8D471EAC3D}.Debug|Any CPU.ActiveCfg = Debug|Any CPU
		{20C376FD-AC24-4696-B299-FB8D471EAC3D}.Debug|Any CPU.Build.0 = Debug|Any CPU
		{20C376FD-AC24-4696-B299-FB8D471EAC3D}.Release|Any CPU.ActiveCfg = Release|Any CPU
		{20C376FD-AC24-4696-B299-FB8D471EAC3D}.Release|Any CPU.Build.0 = Release|Any CPU
		{0EA7CD68-FCFD-4797-B67D-6D8FA80ECE9A}.Debug|Any CPU.ActiveCfg = Debug|Any CPU
		{0EA7CD68-FCFD-4797-B67D-6D8FA80ECE9A}.Debug|Any CPU.Build.0 = Debug|Any CPU
		{0EA7CD68-FCFD-4797-B67D-6D8FA80ECE9A}.Release|Any CPU.ActiveCfg = Release|Any CPU
		{0EA7CD68-FCFD-4797-B67D-6D8FA80ECE9A}.Release|Any CPU.Build.0 = Release|Any CPU
		{1307C52B-3747-438C-B35E-30F74DB17B30}.Debug|Any CPU.ActiveCfg = Debug|Any CPU
		{1307C52B-3747-438C-B35E-30F74DB17B30}.Debug|Any CPU.Build.0 = Debug|Any CPU
		{1307C52B-3747-438C-B35E-30F74DB17B30}.Release|Any CPU.ActiveCfg = Release|Any CPU
		{1307C52B-3747-438C-B35E-30F74DB17B30}.Release|Any CPU.Build.0 = Release|Any CPU
	EndGlobalSection
	GlobalSection(SolutionProperties) = preSolution
		HideSolutionNode = FALSE
	EndGlobalSection
EndGlobal
